
Microsoft Visual Studio Solution File, Format Version 12.00
# Visual Studio 15
VisualStudioVersion = 15.0.28307.329
MinimumVisualStudioVersion = 10.0.40219.1
Project("{FAE04EC0-301F-11D3-BF4B-00C04F79EFBC}") = "AppCadastro.Android", "AppCadastro\AppCadastro.Android\AppCadastro.Android.csproj", "{9D9EC985-2415-4C39-99BF-7B029B974832}"
EndProject
Project("{FAE04EC0-301F-11D3-BF4B-00C04F79EFBC}") = "AppCadastro.iOS", "AppCadastro\AppCadastro.iOS\AppCadastro.iOS.csproj", "{E60751A8-5674-411C-ABF6-805F01ACCA88}"
EndProject
Project("{FAE04EC0-301F-11D3-BF4B-00C04F79EFBC}") = "AppCadastro", "AppCadastro\AppCadastro\AppCadastro.csproj", "{0A41E36F-19A6-4CA1-83EB-3CB06C9A1BA1}"
EndProject
Global
	GlobalSection(SolutionConfigurationPlatforms) = preSolution
		Ad-Hoc|Any CPU = Ad-Hoc|Any CPU
		Ad-Hoc|iPhone = Ad-Hoc|iPhone
		Ad-Hoc|iPhoneSimulator = Ad-Hoc|iPhoneSimulator
		AppStore|Any CPU = AppStore|Any CPU
		AppStore|iPhone = AppStore|iPhone
		AppStore|iPhoneSimulator = AppStore|iPhoneSimulator
		Debug|Any CPU = Debug|Any CPU
		Debug|iPhone = Debug|iPhone
		Debug|iPhoneSimulator = Debug|iPhoneSimulator
		Release|Any CPU = Release|Any CPU
		Release|iPhone = Release|iPhone
		Release|iPhoneSimulator = Release|iPhoneSimulator
	EndGlobalSection
	GlobalSection(ProjectConfigurationPlatforms) = postSolution
		{9D9EC985-2415-4C39-99BF-7B029B974832}.Ad-Hoc|Any CPU.ActiveCfg = Release|Any CPU
		{9D9EC985-2415-4C39-99BF-7B029B974832}.Ad-Hoc|Any CPU.Build.0 = Release|Any CPU
		{9D9EC985-2415-4C39-99BF-7B029B974832}.Ad-Hoc|Any CPU.Deploy.0 = Release|Any CPU
		{9D9EC985-2415-4C39-99BF-7B029B974832}.Ad-Hoc|iPhone.ActiveCfg = Release|Any CPU
		{9D9EC985-2415-4C39-99BF-7B029B974832}.Ad-Hoc|iPhone.Build.0 = Release|Any CPU
		{9D9EC985-2415-4C39-99BF-7B029B974832}.Ad-Hoc|iPhone.Deploy.0 = Release|Any CPU
		{9D9EC985-2415-4C39-99BF-7B029B974832}.Ad-Hoc|iPhoneSimulator.ActiveCfg = Release|Any CPU
		{9D9EC985-2415-4C39-99BF-7B029B974832}.Ad-Hoc|iPhoneSimulator.Build.0 = Release|Any CPU
		{9D9EC985-2415-4C39-99BF-7B029B974832}.Ad-Hoc|iPhoneSimulator.Deploy.0 = Release|Any CPU
		{9D9EC985-2415-4C39-99BF-7B029B974832}.AppStore|Any CPU.ActiveCfg = Release|Any CPU
		{9D9EC985-2415-4C39-99BF-7B029B974832}.AppStore|Any CPU.Build.0 = Release|Any CPU
		{9D9EC985-2415-4C39-99BF-7B029B974832}.AppStore|Any CPU.Deploy.0 = Release|Any CPU
		{9D9EC985-2415-4C39-99BF-7B029B974832}.AppStore|iPhone.ActiveCfg = Release|Any CPU
		{9D9EC985-2415-4C39-99BF-7B029B974832}.AppStore|iPhone.Build.0 = Release|Any CPU
		{9D9EC985-2415-4C39-99BF-7B029B974832}.AppStore|iPhone.Deploy.0 = Release|Any CPU
		{9D9EC985-2415-4C39-99BF-7B029B974832}.AppStore|iPhoneSimulator.ActiveCfg = Release|Any CPU
		{9D9EC985-2415-4C39-99BF-7B029B974832}.AppStore|iPhoneSimulator.Build.0 = Release|Any CPU
		{9D9EC985-2415-4C39-99BF-7B029B974832}.AppStore|iPhoneSimulator.Deploy.0 = Release|Any CPU
		{9D9EC985-2415-4C39-99BF-7B029B974832}.Debug|Any CPU.ActiveCfg = Debug|Any CPU
		{9D9EC985-2415-4C39-99BF-7B029B974832}.Debug|Any CPU.Build.0 = Debug|Any CPU
		{9D9EC985-2415-4C39-99BF-7B029B974832}.Debug|Any CPU.Deploy.0 = Debug|Any CPU
		{9D9EC985-2415-4C39-99BF-7B029B974832}.Debug|iPhone.ActiveCfg = Debug|Any CPU
		{9D9EC985-2415-4C39-99BF-7B029B974832}.Debug|iPhone.Build.0 = Debug|Any CPU
		{9D9EC985-2415-4C39-99BF-7B029B974832}.Debug|iPhone.Deploy.0 = Debug|Any CPU
		{9D9EC985-2415-4C39-99BF-7B029B974832}.Debug|iPhoneSimulator.ActiveCfg = Debug|Any CPU
		{9D9EC985-2415-4C39-99BF-7B029B974832}.Debug|iPhoneSimulator.Build.0 = Debug|Any CPU
		{9D9EC985-2415-4C39-99BF-7B029B974832}.Debug|iPhoneSimulator.Deploy.0 = Debug|Any CPU
		{9D9EC985-2415-4C39-99BF-7B029B974832}.Release|Any CPU.ActiveCfg = Release|Any CPU
		{9D9EC985-2415-4C39-99BF-7B029B974832}.Release|Any CPU.Build.0 = Release|Any CPU
		{9D9EC985-2415-4C39-99BF-7B029B974832}.Release|Any CPU.Deploy.0 = Release|Any CPU
		{9D9EC985-2415-4C39-99BF-7B029B974832}.Release|iPhone.ActiveCfg = Release|Any CPU
		{9D9EC985-2415-4C39-99BF-7B029B974832}.Release|iPhone.Build.0 = Release|Any CPU
		{9D9EC985-2415-4C39-99BF-7B029B974832}.Release|iPhone.Deploy.0 = Release|Any CPU
		{9D9EC985-2415-4C39-99BF-7B029B974832}.Release|iPhoneSimulator.ActiveCfg = Release|Any CPU
		{9D9EC985-2415-4C39-99BF-7B029B974832}.Release|iPhoneSimulator.Build.0 = Release|Any CPU
		{9D9EC985-2415-4C39-99BF-7B029B974832}.Release|iPhoneSimulator.Deploy.0 = Release|Any CPU
		{E60751A8-5674-411C-ABF6-805F01ACCA88}.Ad-Hoc|Any CPU.ActiveCfg = Ad-Hoc|iPhone
		{E60751A8-5674-411C-ABF6-805F01ACCA88}.Ad-Hoc|Any CPU.Build.0 = Ad-Hoc|iPhone
		{E60751A8-5674-411C-ABF6-805F01ACCA88}.Ad-Hoc|Any CPU.Deploy.0 = Ad-Hoc|iPhone
		{E60751A8-5674-411C-ABF6-805F01ACCA88}.Ad-Hoc|iPhone.ActiveCfg = Ad-Hoc|iPhone
		{E60751A8-5674-411C-ABF6-805F01ACCA88}.Ad-Hoc|iPhone.Build.0 = Ad-Hoc|iPhone
		{E60751A8-5674-411C-ABF6-805F01ACCA88}.Ad-Hoc|iPhone.Deploy.0 = Ad-Hoc|iPhone
		{E60751A8-5674-411C-ABF6-805F01ACCA88}.Ad-Hoc|iPhoneSimulator.ActiveCfg = Ad-Hoc|iPhoneSimulator
		{E60751A8-5674-411C-ABF6-805F01ACCA88}.Ad-Hoc|iPhoneSimulator.Build.0 = Ad-Hoc|iPhoneSimulator
		{E60751A8-5674-411C-ABF6-805F01ACCA88}.Ad-Hoc|iPhoneSimulator.Deploy.0 = Ad-Hoc|iPhoneSimulator
		{E60751A8-5674-411C-ABF6-805F01ACCA88}.AppStore|Any CPU.ActiveCfg = AppStore|iPhone
		{E60751A8-5674-411C-ABF6-805F01ACCA88}.AppStore|Any CPU.Build.0 = AppStore|iPhone
		{E60751A8-5674-411C-ABF6-805F01ACCA88}.AppStore|Any CPU.Deploy.0 = AppStore|iPhone
		{E60751A8-5674-411C-ABF6-805F01ACCA88}.AppStore|iPhone.ActiveCfg = AppStore|iPhone
		{E60751A8-5674-411C-ABF6-805F01ACCA88}.AppStore|iPhone.Build.0 = AppStore|iPhone
		{E60751A8-5674-411C-ABF6-805F01ACCA88}.AppStore|iPhone.Deploy.0 = AppStore|iPhone
		{E60751A8-5674-411C-ABF6-805F01ACCA88}.AppStore|iPhoneSimulator.ActiveCfg = AppStore|iPhoneSimulator
		{E60751A8-5674-411C-ABF6-805F01ACCA88}.AppStore|iPhoneSimulator.Build.0 = AppStore|iPhoneSimulator
		{E60751A8-5674-411C-ABF6-805F01ACCA88}.AppStore|iPhoneSimulator.Deploy.0 = AppStore|iPhoneSimulator
		{E60751A8-5674-411C-ABF6-805F01ACCA88}.Debug|Any CPU.ActiveCfg = Debug|iPhoneSimulator
		{E60751A8-5674-411C-ABF6-805F01ACCA88}.Debug|Any CPU.Build.0 = Debug|iPhoneSimulator
		{E60751A8-5674-411C-ABF6-805F01ACCA88}.Debug|Any CPU.Deploy.0 = Debug|iPhoneSimulator
		{E60751A8-5674-411C-ABF6-805F01ACCA88}.Debug|iPhone.ActiveCfg = Debug|iPhone
		{E60751A8-5674-411C-ABF6-805F01ACCA88}.Debug|iPhone.Build.0 = Debug|iPhone
		{E60751A8-5674-411C-ABF6-805F01ACCA88}.Debug|iPhone.Deploy.0 = Debug|iPhone
		{E60751A8-5674-411C-ABF6-805F01ACCA88}.Debug|iPhoneSimulator.ActiveCfg = Debug|iPhoneSimulator
		{E60751A8-5674-411C-ABF6-805F01ACCA88}.Debug|iPhoneSimulator.Build.0 = Debug|iPhoneSimulator
		{E60751A8-5674-411C-ABF6-805F01ACCA88}.Debug|iPhoneSimulator.Deploy.0 = Debug|iPhoneSimulator
		{E60751A8-5674-411C-ABF6-805F01ACCA88}.Release|Any CPU.ActiveCfg = Release|iPhone
		{E60751A8-5674-411C-ABF6-805F01ACCA88}.Release|Any CPU.Build.0 = Release|iPhone
		{E60751A8-5674-411C-ABF6-805F01ACCA88}.Release|Any CPU.Deploy.0 = Release|iPhone
		{E60751A8-5674-411C-ABF6-805F01ACCA88}.Release|iPhone.ActiveCfg = Release|iPhone
		{E60751A8-5674-411C-ABF6-805F01ACCA88}.Release|iPhone.Build.0 = Release|iPhone
		{E60751A8-5674-411C-ABF6-805F01ACCA88}.Release|iPhone.Deploy.0 = Release|iPhone
		{E60751A8-5674-411C-ABF6-805F01ACCA88}.Release|iPhoneSimulator.ActiveCfg = Release|iPhoneSimulator
		{E60751A8-5674-411C-ABF6-805F01ACCA88}.Release|iPhoneSimulator.Build.0 = Release|iPhoneSimulator
		{E60751A8-5674-411C-ABF6-805F01ACCA88}.Release|iPhoneSimulator.Deploy.0 = Release|iPhoneSimulator
		{0A41E36F-19A6-4CA1-83EB-3CB06C9A1BA1}.Ad-Hoc|Any CPU.ActiveCfg = Debug|Any CPU
		{0A41E36F-19A6-4CA1-83EB-3CB06C9A1BA1}.Ad-Hoc|Any CPU.Build.0 = Debug|Any CPU
		{0A41E36F-19A6-4CA1-83EB-3CB06C9A1BA1}.Ad-Hoc|Any CPU.Deploy.0 = Debug|Any CPU
		{0A41E36F-19A6-4CA1-83EB-3CB06C9A1BA1}.Ad-Hoc|iPhone.ActiveCfg = Debug|Any CPU
		{0A41E36F-19A6-4CA1-83EB-3CB06C9A1BA1}.Ad-Hoc|iPhone.Build.0 = Debug|Any CPU
		{0A41E36F-19A6-4CA1-83EB-3CB06C9A1BA1}.Ad-Hoc|iPhone.Deploy.0 = Debug|Any CPU
		{0A41E36F-19A6-4CA1-83EB-3CB06C9A1BA1}.Ad-Hoc|iPhoneSimulator.ActiveCfg = Debug|Any CPU
		{0A41E36F-19A6-4CA1-83EB-3CB06C9A1BA1}.Ad-Hoc|iPhoneSimulator.Build.0 = Debug|Any CPU
		{0A41E36F-19A6-4CA1-83EB-3CB06C9A1BA1}.Ad-Hoc|iPhoneSimulator.Deploy.0 = Debug|Any CPU
		{0A41E36F-19A6-4CA1-83EB-3CB06C9A1BA1}.AppStore|Any CPU.ActiveCfg = Debug|Any CPU
		{0A41E36F-19A6-4CA1-83EB-3CB06C9A1BA1}.AppStore|Any CPU.Build.0 = Debug|Any CPU
		{0A41E36F-19A6-4CA1-83EB-3CB06C9A1BA1}.AppStore|Any CPU.Deploy.0 = Debug|Any CPU
		{0A41E36F-19A6-4CA1-83EB-3CB06C9A1BA1}.AppStore|iPhone.ActiveCfg = Debug|Any CPU
		{0A41E36F-19A6-4CA1-83EB-3CB06C9A1BA1}.AppStore|iPhone.Build.0 = Debug|Any CPU
		{0A41E36F-19A6-4CA1-83EB-3CB06C9A1BA1}.AppStore|iPhone.Deploy.0 = Debug|Any CPU
		{0A41E36F-19A6-4CA1-83EB-3CB06C9A1BA1}.AppStore|iPhoneSimulator.ActiveCfg = Debug|Any CPU
		{0A41E36F-19A6-4CA1-83EB-3CB06C9A1BA1}.AppStore|iPhoneSimulator.Build.0 = Debug|Any CPU
		{0A41E36F-19A6-4CA1-83EB-3CB06C9A1BA1}.AppStore|iPhoneSimulator.Deploy.0 = Debug|Any CPU
		{0A41E36F-19A6-4CA1-83EB-3CB06C9A1BA1}.Debug|Any CPU.ActiveCfg = Debug|Any CPU
		{0A41E36F-19A6-4CA1-83EB-3CB06C9A1BA1}.Debug|Any CPU.Build.0 = Debug|Any CPU
		{0A41E36F-19A6-4CA1-83EB-3CB06C9A1BA1}.Debug|Any CPU.Deploy.0 = Debug|Any CPU
		{0A41E36F-19A6-4CA1-83EB-3CB06C9A1BA1}.Debug|iPhone.ActiveCfg = Debug|Any CPU
		{0A41E36F-19A6-4CA1-83EB-3CB06C9A1BA1}.Debug|iPhone.Build.0 = Debug|Any CPU
		{0A41E36F-19A6-4CA1-83EB-3CB06C9A1BA1}.Debug|iPhone.Deploy.0 = Debug|Any CPU
		{0A41E36F-19A6-4CA1-83EB-3CB06C9A1BA1}.Debug|iPhoneSimulator.ActiveCfg = Debug|Any CPU
		{0A41E36F-19A6-4CA1-83EB-3CB06C9A1BA1}.Debug|iPhoneSimulator.Build.0 = Debug|Any CPU
		{0A41E36F-19A6-4CA1-83EB-3CB06C9A1BA1}.Debug|iPhoneSimulator.Deploy.0 = Debug|Any CPU
		{0A41E36F-19A6-4CA1-83EB-3CB06C9A1BA1}.Release|Any CPU.ActiveCfg = Release|Any CPU
		{0A41E36F-19A6-4CA1-83EB-3CB06C9A1BA1}.Release|Any CPU.Build.0 = Release|Any CPU
		{0A41E36F-19A6-4CA1-83EB-3CB06C9A1BA1}.Release|Any CPU.Deploy.0 = Release|Any CPU
		{0A41E36F-19A6-4CA1-83EB-3CB06C9A1BA1}.Release|iPhone.ActiveCfg = Release|Any CPU
		{0A41E36F-19A6-4CA1-83EB-3CB06C9A1BA1}.Release|iPhone.Build.0 = Release|Any CPU
		{0A41E36F-19A6-4CA1-83EB-3CB06C9A1BA1}.Release|iPhone.Deploy.0 = Release|Any CPU
		{0A41E36F-19A6-4CA1-83EB-3CB06C9A1BA1}.Release|iPhoneSimulator.ActiveCfg = Release|Any CPU
		{0A41E36F-19A6-4CA1-83EB-3CB06C9A1BA1}.Release|iPhoneSimulator.Build.0 = Release|Any CPU
		{0A41E36F-19A6-4CA1-83EB-3CB06C9A1BA1}.Release|iPhoneSimulator.Deploy.0 = Release|Any CPU
	EndGlobalSection
	GlobalSection(SolutionProperties) = preSolution
		HideSolutionNode = FALSE
	EndGlobalSection
	GlobalSection(ExtensibilityGlobals) = postSolution
		SolutionGuid = {D7BB1B81-E08D-4CA9-9C3A-FBFBF80CA60D}
	EndGlobalSection
EndGlobal
